// !$*UTF8*$!
{
	archiveVersion = 1;
	classes = {
	};
	objectVersion = 50;
	objects = {

/* Begin PBXBuildFile section */
		4E6D108C259C3C4600FC8CBC /* AppDelegate.swift in Sources */ = {isa = PBXBuildFile; fileRef = 4E6D108B259C3C4600FC8CBC /* AppDelegate.swift */; };
		4E6D108E259C3C4600FC8CBC /* SceneDelegate.swift in Sources */ = {isa = PBXBuildFile; fileRef = 4E6D108D259C3C4600FC8CBC /* SceneDelegate.swift */; };
		4E6D1090259C3C4600FC8CBC /* ViewController.swift in Sources */ = {isa = PBXBuildFile; fileRef = 4E6D108F259C3C4600FC8CBC /* ViewController.swift */; };
		4E6D1093259C3C4600FC8CBC /* Main.storyboard in Resources */ = {isa = PBXBuildFile; fileRef = 4E6D1091259C3C4600FC8CBC /* Main.storyboard */; };
		4E6D1095259C3C4700FC8CBC /* Assets.xcassets in Resources */ = {isa = PBXBuildFile; fileRef = 4E6D1094259C3C4700FC8CBC /* Assets.xcassets */; };
		4E6D1098259C3C4700FC8CBC /* LaunchScreen.storyboard in Resources */ = {isa = PBXBuildFile; fileRef = 4E6D1096259C3C4700FC8CBC /* LaunchScreen.storyboard */; };
		4E6D10A2259C57FF00FC8CBC /* WheelImageView.swift in Sources */ = {isa = PBXBuildFile; fileRef = 4E6D10A1259C57FF00FC8CBC /* WheelImageView.swift */; };
/* End PBXBuildFile section */

/* Begin PBXFileReference section */
		4E6D1088259C3C4600FC8CBC /* Turntable.app */ = {isa = PBXFileReference; explicitFileType = wrapper.application; includeInIndex = 0; path = Turntable.app; sourceTree = BUILT_PRODUCTS_DIR; };
		4E6D108B259C3C4600FC8CBC /* AppDelegate.swift */ = {isa = PBXFileReference; lastKnownFileType = sourcecode.swift; path = AppDelegate.swift; sourceTree = "<group>"; };
		4E6D108D259C3C4600FC8CBC /* SceneDelegate.swift */ = {isa = PBXFileReference; lastKnownFileType = sourcecode.swift; path = SceneDelegate.swift; sourceTree = "<group>"; };
		4E6D108F259C3C4600FC8CBC /* ViewController.swift */ = {isa = PBXFileReference; lastKnownFileType = sourcecode.swift; path = ViewController.swift; sourceTree = "<group>"; };
		4E6D1092259C3C4600FC8CBC /* Base */ = {isa = PBXFileReference; lastKnownFileType = file.storyboard; name = Base; path = Base.lproj/Main.storyboard; sourceTree = "<group>"; };
		4E6D1094259C3C4700FC8CBC /* Assets.xcassets */ = {isa = PBXFileReference; lastKnownFileType = folder.assetcatalog; path = Assets.xcassets; sourceTree = "<group>"; };
		4E6D1097259C3C4700FC8CBC /* Base */ = {isa = PBXFileReference; lastKnownFileType = file.storyboard; name = Base; path = Base.lproj/LaunchScreen.storyboard; sourceTree = "<group>"; };
		4E6D1099259C3C4700FC8CBC /* Info.plist */ = {isa = PBXFileReference; lastKnownFileType = text.plist.xml; path = Info.plist; sourceTree = "<group>"; };
		4E6D10A1259C57FF00FC8CBC /* WheelImageView.swift */ = {isa = PBXFileReference; lastKnownFileType = sourcecode.swift; path = WheelImageView.swift; sourceTree = "<group>"; };
/* End PBXFileReference section */

/* Begin PBXFrameworksBuildPhase section */
		4E6D1085259C3C4600FC8CBC /* Frameworks */ = {
			isa = PBXFrameworksBuildPhase;
			buildActionMask = 2147483647;
			files = (
			);
			runOnlyForDeploymentPostprocessing = 0;
		};
/* End PBXFrameworksBuildPhase section */

/* Begin PBXGroup section */
		4E6D107F259C3C4600FC8CBC = {
			isa = PBXGroup;
			children = (
				4E6D108A259C3C4600FC8CBC /* Turntable */,
				4E6D1089259C3C4600FC8CBC /* Products */,
			);
			sourceTree = "<group>";
		};
		4E6D1089259C3C4600FC8CBC /* Products */ = {
			isa = PBXGroup;
			children = (
				4E6D1088259C3C4600FC8CBC /* Turntable.app */,
			);
			name = Products;
			sourceTree = "<group>";
		};
		4E6D108A259C3C4600FC8CBC /* Turntable */ = {
			isa = PBXGroup;
			children = (
				4E6D108B259C3C4600FC8CBC /* AppDelegate.swift */,
				4E6D108D259C3C4600FC8CBC /* SceneDelegate.swift */,
				4E6D108F259C3C4600FC8CBC /* ViewController.swift */,
				4E6D1091259C3C4600FC8CBC /* Main.storyboard */,
				4E6D1094259C3C4700FC8CBC /* Assets.xcassets */,
				4E6D1096259C3C4700FC8CBC /* LaunchScreen.storyboard */,
				4E6D1099259C3C4700FC8CBC /* Info.plist */,
				4E6D10A1259C57FF00FC8CBC /* WheelImageView.swift */,
			);
			path = Turntable;
			sourceTree = "<group>";
		};
/* End PBXGroup section */

/* Begin PBXNativeTarget section */
		4E6D1087259C3C4600FC8CBC /* Turntable */ = {
			isa = PBXNativeTarget;
			buildConfigurationList = 4E6D109C259C3C4700FC8CBC /* Build configuration list for PBXNativeTarget "Turntable" */;
			buildPhases = (
				4E6D1084259C3C4600FC8CBC /* Sources */,
				4E6D1085259C3C4600FC8CBC /* Frameworks */,
				4E6D1086259C3C4600FC8CBC /* Resources */,
			);
			buildRules = (
			);
			dependencies = (
			);
			name = Turntable;
			productName = Turntable;
			productReference = 4E6D1088259C3C4600FC8CBC /* Turntable.app */;
			productType = "com.apple.product-type.application";
		};
/* End PBXNativeTarget section */

/* Begin PBXProject section */
		4E6D1080259C3C4600FC8CBC /* Project object */ = {
			isa = PBXProject;
			attributes = {
				LastSwiftUpdateCheck = 1130;
				LastUpgradeCheck = 1130;
				ORGANIZATIONNAME = NDHU_CSIE;
				TargetAttributes = {
					4E6D1087259C3C4600FC8CBC = {
						CreatedOnToolsVersion = 11.3.1;
					};
				};
			};
			buildConfigurationList = 4E6D1083259C3C4600FC8CBC /* Build configuration list for PBXProject "Turntable" */;
			compatibilityVersion = "Xcode 9.3";
			developmentRegion = en;
			hasScannedForEncodings = 0;
			knownRegions = (
				en,
				Base,
			);
			mainGroup = 4E6D107F259C3C4600FC8CBC;
			productRefGroup = 4E6D1089259C3C4600FC8CBC /* Products */;
			projectDirPath = "";
			projectRoot = "";
			targets = (
				4E6D1087259C3C4600FC8CBC /* Turntable */,
			);
		};
/* End PBXProject section */

/* Begin PBXResourcesBuildPhase section */
		4E6D1086259C3C4600FC8CBC /* Resources */ = {
			isa = PBXResourcesBuildPhase;
			buildActionMask = 2147483647;
			files = (
				4E6D1098259C3C4700FC8CBC /* LaunchScreen.storyboard in Resources */,
				4E6D1095259C3C4700FC8CBC /* Assets.xcassets in Resources */,
				4E6D1093259C3C4600FC8CBC /* Main.storyboard in Resources */,
			);
			runOnlyForDeploymentPostprocessing = 0;
		};
/* End PBXResourcesBuildPhase section */

/* Begin PBXSourcesBuildPhase section */
		4E6D1084259C3C4600FC8CBC /* Sources */ = {
			isa = PBXSourcesBuildPhase;
			buildActionMask = 2147483647;
			files = (
				4E6D1090259C3C4600FC8CBC /* ViewController.swift in Sources */,
				4E6D108C259C3C4600FC8CBC /* AppDelegate.swift in Sources */,
				4E6D10A2259C57FF00FC8CBC /* WheelImageView.swift in Sources */,
				4E6D108E259C3C4600FC8CBC /* SceneDelegate.swift in Sources */,
			);
			runOnlyForDeploymentPostprocessing = 0;
		};
/* End PBXSourcesBuildPhase section */

/* Begin PBXVariantGroup section */
		4E6D1091259C3C4600FC8CBC /* Main.storyboard */ = {
			isa = PBXVariantGroup;
			children = (
				4E6D1092259C3C4600FC8CBC /* Base */,
			);
			name = Main.storyboard;
			sourceTree = "<group>";
		};
		4E6D1096259C3C4700FC8CBC /* LaunchScreen.storyboard */ = {
			isa = PBXVariantGroup;
			children = (
				4E6D1097259C3C4700FC8CBC /* Base */,
			);
			name = LaunchScreen.storyboard;
			sourceTree = "<group>";
		};
/* End PBXVariantGroup section */

/* Begin XCBuildConfiguration section */
		4E6D109A259C3C4700FC8CBC /* Debug */ = {
			isa = XCBuildConfiguration;
			buildSettings = {
				ALWAYS_SEARCH_USER_PATHS = NO;
				CLANG_ANALYZER_NONNULL = YES;
				CLANG_ANALYZER_NUMBER_OBJECT_CONVERSION = YES_AGGRESSIVE;
				CLANG_CXX_LANGUAGE_STANDARD = "gnu++14";
				CLANG_CXX_LIBRARY = "libc++";
				CLANG_ENABLE_MODULES = YES;
				CLANG_ENABLE_OBJC_ARC = YES;
				CLANG_ENABLE_OBJC_WEAK = YES;
				CLANG_WARN_BLOCK_CAPTURE_AUTORELEASING = YES;
				CLANG_WARN_BOOL_CONVERSION = YES;
				CLANG_WARN_COMMA = YES;
				CLANG_WARN_CONSTANT_CONVERSION = YES;
				CLANG_WARN_DEPRECATED_OBJC_IMPLEMENTATIONS = YES;
				CLANG_WARN_DIRECT_OBJC_ISA_USAGE = YES_ERROR;
				CLANG_WARN_DOCUMENTATION_COMMENTS = YES;
				CLANG_WARN_EMPTY_BODY = YES;
				CLANG_WARN_ENUM_CONVERSION = YES;
				CLANG_WARN_INFINITE_RECURSION = YES;
				CLANG_WARN_INT_CONVERSION = YES;
				CLANG_WARN_NON_LITERAL_NULL_CONVERSION = YES;
				CLANG_WARN_OBJC_IMPLICIT_RETAIN_SELF = YES;
				CLANG_WARN_OBJC_LITERAL_CONVERSION = YES;
				CLANG_WARN_OBJC_ROOT_CLASS = YES_ERROR;
				CLANG_WARN_RANGE_LOOP_ANALYSIS = YES;
				CLANG_WARN_STRICT_PROTOTYPES = YES;
				CLANG_WARN_SUSPICIOUS_MOVE = YES;
				CLANG_WARN_UNGUARDED_AVAILABILITY = YES_AGGRESSIVE;
				CLANG_WARN_UNREACHABLE_CODE = YES;
				CLANG_WARN__DUPLICATE_METHOD_MATCH = YES;
				COPY_PHASE_STRIP = NO;
				DEBUG_INFORMATION_FORMAT = dwarf;
				ENABLE_STRICT_OBJC_MSGSEND = YES;
				ENABLE_TESTABILITY = YES;
				GCC_C_LANGUAGE_STANDARD = gnu11;
				GCC_DYNAMIC_NO_PIC = NO;
				GCC_NO_COMMON_BLOCKS = YES;
				GCC_OPTIMIZATION_LEVEL = 0;
				GCC_PREPROCESSOR_DEFINITIONS = (
					"DEBUG=1",
					"$(inherited)",
				);
				GCC_WARN_64_TO_32_BIT_CONVERSION = YES;
				GCC_WARN_ABOUT_RETURN_TYPE = YES_ERROR;
				GCC_WARN_UNDECLARED_SELECTOR = YES;
				GCC_WARN_UNINITIALIZED_AUTOS = YES_AGGRESSIVE;
				GCC_WARN_UNUSED_FUNCTION = YES;
				GCC_WARN_UNUSED_VARIABLE = YES;
				IPHONEOS_DEPLOYMENT_TARGET = 13.2;
				MTL_ENABLE_DEBUG_INFO = INCLUDE_SOURCE;
				MTL_FAST_MATH = YES;
				ONLY_ACTIVE_ARCH = YES;
				SDKROOT = iphoneos;
				SWIFT_ACTIVE_COMPILATION_CONDITIONS = DEBUG;
				SWIFT_OPTIMIZATION_LEVEL = "-Onone";
			};
			name = Debug;
		};
		4E6D109B259C3C4700FC8CBC /* Release */ = {
			isa = XCBuildConfiguration;
			buildSettings = {
				ALWAYS_SEARCH_USER_PATHS = NO;
				CLANG_ANALYZER_NONNULL = YES;
				CLANG_ANALYZER_NUMBER_OBJECT_CONVERSION = YES_AGGRESSIVE;
				CLANG_CXX_LANGUAGE_STANDARD = "gnu++14";
				CLANG_CXX_LIBRARY = "libc++";
				CLANG_ENABLE_MODULES = YES;
				CLANG_ENABLE_OBJC_ARC = YES;
				CLANG_ENABLE_OBJC_WEAK = YES;
				CLANG_WARN_BLOCK_CAPTURE_AUTORELEASING = YES;
				CLANG_WARN_BOOL_CONVERSION = YES;
				CLANG_WARN_COMMA = YES;
				CLANG_WARN_CONSTANT_CONVERSION = YES;
				CLANG_WARN_DEPRECATED_OBJC_IMPLEMENTATIONS = YES;
				CLANG_WARN_DIRECT_OBJC_ISA_USAGE = YES_ERROR;
				CLANG_WARN_DOCUMENTATION_COMMENTS = YES;
				CLANG_WARN_EMPTY_BODY = YES;
				CLANG_WARN_ENUM_CONVERSION = YES;
				CLANG_WARN_INFINITE_RECURSION = YES;
				CLANG_WARN_INT_CONVERSION = YES;
				CLANG_WARN_NON_LITERAL_NULL_CONVERSION = YES;
				CLANG_WARN_OBJC_IMPLICIT_RETAIN_SELF = YES;
				CLANG_WARN_OBJC_LITERAL_CONVERSION = YES;
				CLANG_WARN_OBJC_ROOT_CLASS = YES_ERROR;
				CLANG_WARN_RANGE_LOOP_ANALYSIS = YES;
				CLANG_WARN_STRICT_PROTOTYPES = YES;
				CLANG_WARN_SUSPICIOUS_MOVE = YES;
				CLANG_WARN_UNGUARDED_AVAILABILITY = YES_AGGRESSIVE;
				CLANG_WARN_UNREACHABLE_CODE = YES;
				CLANG_WARN__DUPLICATE_METHOD_MATCH = YES;
				COPY_PHASE_STRIP = NO;
				DEBUG_INFORMATION_FORMAT = "dwarf-with-dsym";
				ENABLE_NS_ASSERTIONS = NO;
				ENABLE_STRICT_OBJC_MSGSEND = YES;
				GCC_C_LANGUAGE_STANDARD = gnu11;
				GCC_NO_COMMON_BLOCKS = YES;
				GCC_WARN_64_TO_32_BIT_CONVERSION = YES;
				GCC_WARN_ABOUT_RETURN_TYPE = YES_ERROR;
				GCC_WARN_UNDECLARED_SELECTOR = YES;
				GCC_WARN_UNINITIALIZED_AUTOS = YES_AGGRESSIVE;
				GCC_WARN_UNUSED_FUNCTION = YES;
				GCC_WARN_UNUSED_VARIABLE = YES;
				IPHONEOS_DEPLOYMENT_TARGET = 13.2;
				MTL_ENABLE_DEBUG_INFO = NO;
				MTL_FAST_MATH = YES;
				SDKROOT = iphoneos;
				SWIFT_COMPILATION_MODE = wholemodule;
				SWIFT_OPTIMIZATION_LEVEL = "-O";
				VALIDATE_PRODUCT = YES;
			};
			name = Release;
		};
		4E6D109D259C3C4700FC8CBC /* Debug */ = {
			isa = XCBuildConfiguration;
			buildSettings = {
				ASSETCATALOG_COMPILER_APPICON_NAME = AppIcon;
				CODE_SIGN_STYLE = Automatic;
				INFOPLIST_FILE = Turntable/Info.plist;
				LD_RUNPATH_SEARCH_PATHS = (
					"$(inherited)",
					"@executable_path/Frameworks",
				);
				PRODUCT_BUNDLE_IDENTIFIER = "-.Turntable";
				PRODUCT_NAME = "$(TARGET_NAME)";
				SWIFT_VERSION = 5.0;
				TARGETED_DEVICE_FAMILY = "1,2";
			};
			name = Debug;
		};
		4E6D109E259C3C4700FC8CBC /* Release */ = {
			isa = XCBuildConfiguration;
			buildSettings = {
				ASSETCATALOG_COMPILER_APPICON_NAME = AppIcon;
				CODE_SIGN_STYLE = Automatic;
				INFOPLIST_FILE = Turntable/Info.plist;
				LD_RUNPATH_SEARCH_PATHS = (
					"$(inherited)",
					"@executable_path/Frameworks",
				);
				PRODUCT_BUNDLE_IDENTIFIER = "-.Turntable";
				PRODUCT_NAME = "$(TARGET_NAME)";
				SWIFT_VERSION = 5.0;
				TARGETED_DEVICE_FAMILY = "1,2";
			};
			name = Release;
		};
/* End XCBuildConfiguration section */

/* Begin XCConfigurationList section */
		4E6D1083259C3C4600FC8CBC /* Build configuration list for PBXProject "Turntable" */ = {
			isa = XCConfigurationList;
			buildConfigurations = (
				4E6D109A259C3C4700FC8CBC /* Debug */,
				4E6D109B259C3C4700FC8CBC /* Release */,
			);
			defaultConfigurationIsVisible = 0;
			defaultConfigurationName = Release;
		};
		4E6D109C259C3C4700FC8CBC /* Build configuration list for PBXNativeTarget "Turntable" */ = {
			isa = XCConfigurationList;
			buildConfigurations = (
				4E6D109D259C3C4700FC8CBC /* Debug */,
				4E6D109E259C3C4700FC8CBC /* Release */,
			);
			defaultConfigurationIsVisible = 0;
			defaultConfigurationName = Release;
		};
/* End XCConfigurationList section */
	};
	rootObject = 4E6D1080259C3C4600FC8CBC /* Project object */;
}
